
Microsoft Visual Studio Solution File, Format Version 12.00
# Visual Studio Version 17
VisualStudioVersion = 17.3.32804.467
MinimumVisualStudioVersion = 10.0.40219.1
Project("{2150E333-8FDC-42A3-9474-1A3956D46DE8}") = "src", "src", "{DB5835EE-3A83-401E-8203-ECCF7F3B1DCC}"
EndProject
Project("{9A19103F-16F7-4668-BE54-9A1E7A4F7556}") = "Donouts.Domain", "src\DevJJGR.Domain\Donouts.Domain.csproj", "{EEE3A58F-C453-4265-B6B1-D4EE56CB5BD6}"
EndProject
Project("{9A19103F-16F7-4668-BE54-9A1E7A4F7556}") = "Donouts.Application", "src\DevJJGR.Application\Donouts.Application.csproj", "{1C2DF747-1CF6-4B80-9309-AF234696D726}"
EndProject
Project("{9A19103F-16F7-4668-BE54-9A1E7A4F7556}") = "Donouts.Infrastructure", "src\DevJJGR.Infrastructure\Donouts.Infrastructure.csproj", "{6237D882-011D-4AF9-A2A3-43DB19CC5B59}"
EndProject
Project("{9A19103F-16F7-4668-BE54-9A1E7A4F7556}") = "Donouts.Persistance", "src\DevJJGR.Persistence\Donouts.Persistance.csproj", "{B6361235-4CB2-40DB-9169-C91006F4E923}"
EndProject
Project("{9A19103F-16F7-4668-BE54-9A1E7A4F7556}") = "Donouts.Presentation", "src\DevJJGR.App\Donouts.Presentation.csproj", "{1DF6C393-6E18-4477-A690-9B2E8D4E636B}"
EndProject
Project("{FAE04EC0-301F-11D3-BF4B-00C04F79EFBC}") = "DonoutsWeb", "DonoutsWeb\DonoutsWeb.csproj", "{AD9305D0-AE24-41D0-80AD-2972633E0735}"
EndProject
Project("{2150E333-8FDC-42A3-9474-1A3956D46DE8}") = "Elementos de la solución", "Elementos de la solución", "{12C575D9-7757-4FC1-A3D4-5B035F2B33A9}"
	ProjectSection(SolutionItems) = preProject
		.editorconfig = .editorconfig
	EndProjectSection
EndProject
Project("{FAE04EC0-301F-11D3-BF4B-00C04F79EFBC}") = "Donouts.proxy", "Donouts.proxy\Donouts.proxy.csproj", "{88B72BAB-DFBD-4BBC-A981-B87F8088ED68}"
EndProject
Project("{2150E333-8FDC-42A3-9474-1A3956D46DE8}") = "Solution Items", "Solution Items", "{8D3AF644-8DF9-4231-94F9-2E75740D8637}"
	ProjectSection(SolutionItems) = preProject
		compose.yaml = compose.yaml
	EndProjectSection
EndProject
Project("{FAE04EC0-301F-11D3-BF4B-00C04F79EFBC}") = "RabbitMQListener", "src\RabbitMQListener\RabbitMQListener.csproj", "{D2471CE8-8A70-4A2A-BDF9-40C3EE0C6B4A}"
EndProject
Global
	GlobalSection(SolutionConfigurationPlatforms) = preSolution
		Debug|Any CPU = Debug|Any CPU
		Release|Any CPU = Release|Any CPU
	EndGlobalSection
	GlobalSection(ProjectConfigurationPlatforms) = postSolution
		{EEE3A58F-C453-4265-B6B1-D4EE56CB5BD6}.Debug|Any CPU.ActiveCfg = Debug|Any CPU
		{EEE3A58F-C453-4265-B6B1-D4EE56CB5BD6}.Debug|Any CPU.Build.0 = Debug|Any CPU
		{EEE3A58F-C453-4265-B6B1-D4EE56CB5BD6}.Release|Any CPU.ActiveCfg = Release|Any CPU
		{EEE3A58F-C453-4265-B6B1-D4EE56CB5BD6}.Release|Any CPU.Build.0 = Release|Any CPU
		{1C2DF747-1CF6-4B80-9309-AF234696D726}.Debug|Any CPU.ActiveCfg = Debug|Any CPU
		{1C2DF747-1CF6-4B80-9309-AF234696D726}.Debug|Any CPU.Build.0 = Debug|Any CPU
		{1C2DF747-1CF6-4B80-9309-AF234696D726}.Release|Any CPU.ActiveCfg = Release|Any CPU
		{1C2DF747-1CF6-4B80-9309-AF234696D726}.Release|Any CPU.Build.0 = Release|Any CPU
		{6237D882-011D-4AF9-A2A3-43DB19CC5B59}.Debug|Any CPU.ActiveCfg = Debug|Any CPU
		{6237D882-011D-4AF9-A2A3-43DB19CC5B59}.Debug|Any CPU.Build.0 = Debug|Any CPU
		{6237D882-011D-4AF9-A2A3-43DB19CC5B59}.Release|Any CPU.ActiveCfg = Release|Any CPU
		{6237D882-011D-4AF9-A2A3-43DB19CC5B59}.Release|Any CPU.Build.0 = Release|Any CPU
		{B6361235-4CB2-40DB-9169-C91006F4E923}.Debug|Any CPU.ActiveCfg = Debug|Any CPU
		{B6361235-4CB2-40DB-9169-C91006F4E923}.Debug|Any CPU.Build.0 = Debug|Any CPU
		{B6361235-4CB2-40DB-9169-C91006F4E923}.Release|Any CPU.ActiveCfg = Release|Any CPU
		{B6361235-4CB2-40DB-9169-C91006F4E923}.Release|Any CPU.Build.0 = Release|Any CPU
		{1DF6C393-6E18-4477-A690-9B2E8D4E636B}.Debug|Any CPU.ActiveCfg = Debug|Any CPU
		{1DF6C393-6E18-4477-A690-9B2E8D4E636B}.Debug|Any CPU.Build.0 = Debug|Any CPU
		{1DF6C393-6E18-4477-A690-9B2E8D4E636B}.Release|Any CPU.ActiveCfg = Release|Any CPU
		{1DF6C393-6E18-4477-A690-9B2E8D4E636B}.Release|Any CPU.Build.0 = Release|Any CPU
		{AD9305D0-AE24-41D0-80AD-2972633E0735}.Debug|Any CPU.ActiveCfg = Debug|Any CPU
		{AD9305D0-AE24-41D0-80AD-2972633E0735}.Debug|Any CPU.Build.0 = Debug|Any CPU
		{AD9305D0-AE24-41D0-80AD-2972633E0735}.Release|Any CPU.ActiveCfg = Release|Any CPU
		{AD9305D0-AE24-41D0-80AD-2972633E0735}.Release|Any CPU.Build.0 = Release|Any CPU
		{88B72BAB-DFBD-4BBC-A981-B87F8088ED68}.Debug|Any CPU.ActiveCfg = Debug|Any CPU
		{88B72BAB-DFBD-4BBC-A981-B87F8088ED68}.Debug|Any CPU.Build.0 = Debug|Any CPU
		{88B72BAB-DFBD-4BBC-A981-B87F8088ED68}.Release|Any CPU.ActiveCfg = Release|Any CPU
		{88B72BAB-DFBD-4BBC-A981-B87F8088ED68}.Release|Any CPU.Build.0 = Release|Any CPU
		{D2471CE8-8A70-4A2A-BDF9-40C3EE0C6B4A}.Debug|Any CPU.ActiveCfg = Debug|Any CPU
		{D2471CE8-8A70-4A2A-BDF9-40C3EE0C6B4A}.Debug|Any CPU.Build.0 = Debug|Any CPU
		{D2471CE8-8A70-4A2A-BDF9-40C3EE0C6B4A}.Release|Any CPU.ActiveCfg = Release|Any CPU
		{D2471CE8-8A70-4A2A-BDF9-40C3EE0C6B4A}.Release|Any CPU.Build.0 = Release|Any CPU
	EndGlobalSection
	GlobalSection(SolutionProperties) = preSolution
		HideSolutionNode = FALSE
	EndGlobalSection
	GlobalSection(NestedProjects) = preSolution
		{EEE3A58F-C453-4265-B6B1-D4EE56CB5BD6} = {DB5835EE-3A83-401E-8203-ECCF7F3B1DCC}
		{1C2DF747-1CF6-4B80-9309-AF234696D726} = {DB5835EE-3A83-401E-8203-ECCF7F3B1DCC}
		{6237D882-011D-4AF9-A2A3-43DB19CC5B59} = {DB5835EE-3A83-401E-8203-ECCF7F3B1DCC}
		{B6361235-4CB2-40DB-9169-C91006F4E923} = {DB5835EE-3A83-401E-8203-ECCF7F3B1DCC}
		{1DF6C393-6E18-4477-A690-9B2E8D4E636B} = {DB5835EE-3A83-401E-8203-ECCF7F3B1DCC}
		{AD9305D0-AE24-41D0-80AD-2972633E0735} = {DB5835EE-3A83-401E-8203-ECCF7F3B1DCC}
		{88B72BAB-DFBD-4BBC-A981-B87F8088ED68} = {DB5835EE-3A83-401E-8203-ECCF7F3B1DCC}
		{D2471CE8-8A70-4A2A-BDF9-40C3EE0C6B4A} = {DB5835EE-3A83-401E-8203-ECCF7F3B1DCC}
	EndGlobalSection
	GlobalSection(ExtensibilityGlobals) = postSolution
		SolutionGuid = {C8D46A31-FFE1-4C92-B344-FADBAD683E6E}
	EndGlobalSection
EndGlobal
